Microsoft Visual Studio Solution File, Format Version 12.00
# Visual Studio Version 17
VisualStudioVersion = 17.5.2.0
MinimumVisualStudioVersion = 10.0.40219.1
Project("{FAE04EC0-301F-11D3-BF4B-00C04F79EFBC}") = "SmartLinkClient", "SmartLinkClient.csproj", "{491F6591-1FD7-8A31-5315-AD3EABA1B6D9}"
EndProject
Global
	GlobalSection(SolutionConfigurationPlatforms) = preSolution
		Debug|Any CPU = Debug|Any CPU
		Release|Any CPU = Release|Any CPU
	EndGlobalSection
	GlobalSection(ProjectConfigurationPlatforms) = postSolution
		{491F6591-1FD7-8A31-5315-AD3EABA1B6D9}.Debug|Any CPU.ActiveCfg = Debug|Any CPU
		{491F6591-1FD7-8A31-5315-AD3EABA1B6D9}.Debug|Any CPU.Build.0 = Debug|Any CPU
		{491F6591-1FD7-8A31-5315-AD3EABA1B6D9}.Release|Any CPU.ActiveCfg = Release|Any CPU
		{491F6591-1FD7-8A31-5315-AD3EABA1B6D9}.Release|Any CPU.Build.0 = Release|Any CPU
	EndGlobalSection
	GlobalSection(SolutionProperties) = preSolution
		HideSolutionNode = FALSE
	EndGlobalSection
	GlobalSection(ExtensibilityGlobals) = postSolution
		SolutionGuid = {DE39F8E7-A967-4E6F-9C04-C4A0CFC0972A}
	EndGlobalSection
EndGlobal
